
Microsoft Visual Studio Solution File, Format Version 12.00
# Visual Studio 15
VisualStudioVersion = 15.0.26124.0
MinimumVisualStudioVersion = 15.0.26124.0
Project("{2150E333-8FDC-42A3-9474-1A3956D46DE8}") = "src", "src", "{2FB2D152-C114-4108-86F0-ADDE414A8A41}"
EndProject
Project("{FAE04EC0-301F-11D3-BF4B-00C04F79EFBC}") = "Timebox.Gui", "src\frontend\Timebox.Gui\Timebox.Gui.csproj", "{4D9FF6D8-B31D-4699-AC13-4332EC0B182E}"
EndProject
Project("{FAE04EC0-301F-11D3-BF4B-00C04F79EFBC}") = "Timebox.Api", "src\backend\Timebox.Api\Timebox.Api.csproj", "{49C4C15B-E647-4FEF-B489-AF1911BAC8BA}"
EndProject
Project("{2150E333-8FDC-42A3-9474-1A3956D46DE8}") = "backend", "backend", "{4776AAAF-60EE-436A-AB8A-655D89D9426E}"
EndProject
Project("{2150E333-8FDC-42A3-9474-1A3956D46DE8}") = "frontend", "frontend", "{9953A66D-DC43-4813-B173-25EC7E9B3F1D}"
EndProject
Project("{2150E333-8FDC-42A3-9474-1A3956D46DE8}") = "Shared", "Shared", "{557D8C81-1CC0-44E1-94A5-D2AE1FC8BA80}"
EndProject
Project("{2150E333-8FDC-42A3-9474-1A3956D46DE8}") = "Modules", "Modules", "{AFE740F1-AB0B-4EB5-A406-935F6D59B5B7}"
EndProject
Project("{2150E333-8FDC-42A3-9474-1A3956D46DE8}") = "Account", "Account", "{8F1FE045-9F65-4F6B-B9F9-7CE58F689729}"
EndProject
Project("{FAE04EC0-301F-11D3-BF4B-00C04F79EFBC}") = "Timebox.Account.Api", "src\backend\Modules\Account\Timebox.Account.Api\Timebox.Account.Api.csproj", "{4E73D908-D39B-4484-929A-0047A994CBC5}"
EndProject
Project("{FAE04EC0-301F-11D3-BF4B-00C04F79EFBC}") = "Timebox.Shared", "src\backend\Shared\Timebox.Shared\Timebox.Shared.csproj", "{45142715-474A-4589-ACC5-7CDC6717FBAF}"
EndProject
Project("{2150E333-8FDC-42A3-9474-1A3956D46DE8}") = "tests", "tests", "{646BC5C3-B97F-4390-A314-AB52B674E23D}"
EndProject
Project("{2150E333-8FDC-42A3-9474-1A3956D46DE8}") = "backend", "backend", "{0FB5850C-5060-490E-B500-3C83F2BFAE44}"
EndProject
Project("{2150E333-8FDC-42A3-9474-1A3956D46DE8}") = "Shared", "Shared", "{B502736E-2996-4241-A451-795BE4926A60}"
EndProject
Project("{FAE04EC0-301F-11D3-BF4B-00C04F79EFBC}") = "Timebox.Shared.Tests", "tests\backend\Shared\Timebox.Shared.Tests\Timebox.Shared.Tests.csproj", "{1FB5120F-209E-4C93-BBAF-82B0A9EC15F2}"
EndProject
Project("{FAE04EC0-301F-11D3-BF4B-00C04F79EFBC}") = "Timebox.Shared.Requests", "src\backend\Shared\Timebox.Shared.Requests\Timebox.Shared.Requests.csproj", "{F8540A31-090E-4CC3-A624-0EDD66BD71EB}"
EndProject
Project("{FAE04EC0-301F-11D3-BF4B-00C04F79EFBC}") = "Timebox.Shared.Events", "src\backend\Shared\Timebox.Shared.Events\Timebox.Shared.Events.csproj", "{CAD14783-CCB0-49D2-872E-E422BF4BA3E1}"
EndProject
Project("{FAE04EC0-301F-11D3-BF4B-00C04F79EFBC}") = "Timebox.Shared.Events.Tests", "tests\backend\Shared\Timebox.Shared.Events.Tests\Timebox.Shared.Events.Tests.csproj", "{F60AFE97-28E8-4F71-A3EB-20A1C4150EDA}"
EndProject
Project("{FAE04EC0-301F-11D3-BF4B-00C04F79EFBC}") = "Timebox.Shared.Requests.Tests", "tests\backend\Shared\Timebox.Shared.Requests.Tests\Timebox.Shared.Requests.Tests.csproj", "{2B021E61-8F18-44F0-B92E-0C45EECF0926}"
EndProject
Project("{FAE04EC0-301F-11D3-BF4B-00C04F79EFBC}") = "Timebox.Shared.Kernel", "src\backend\Shared\Timebox.Shared.Kernel\Timebox.Shared.Kernel.csproj", "{71522DE3-02D0-47A1-89F7-BC1A3440785A}"
EndProject
Project("{2150E333-8FDC-42A3-9474-1A3956D46DE8}") = "Sample", "Sample", "{1D28775A-E5B8-48F0-9F28-7982A5687ADD}"
EndProject
Project("{FAE04EC0-301F-11D3-BF4B-00C04F79EFBC}") = "Timebox.Sample.Api", "src\backend\Modules\Sample\Timebox.Sample.Api\Timebox.Sample.Api.csproj", "{04D54682-11B9-4601-8347-1FE00CD23CC9}"
EndProject
Project("{2150E333-8FDC-42A3-9474-1A3956D46DE8}") = "Backlog", "Backlog", "{300A17E7-B48C-455E-AB00-FA0BD5760069}"
EndProject
Project("{FAE04EC0-301F-11D3-BF4B-00C04F79EFBC}") = "Timebox.Backlog.Domain", "src\backend\Modules\Backlog\Timebox.Backlog.Domain\Timebox.Backlog.Domain.csproj", "{D2A02EC9-6514-4516-8220-800F7AC3A58D}"
EndProject
Project("{FAE04EC0-301F-11D3-BF4B-00C04F79EFBC}") = "Timebox.Backlog.Application", "src\backend\Modules\Backlog\Timebox.Backlog.Application\Timebox.Backlog.Application.csproj", "{3176EEA5-2B41-4A38-839B-ED57B2A11261}"
EndProject
Project("{FAE04EC0-301F-11D3-BF4B-00C04F79EFBC}") = "Timebox.Backlog.Application.Interfaces", "src\backend\Modules\Backlog\Timebox.Backlog.Application.Interfaces\Timebox.Backlog.Application.Interfaces.csproj", "{B2B3BA57-4C62-4818-9798-11C839CA65FC}"
EndProject
Project("{FAE04EC0-301F-11D3-BF4B-00C04F79EFBC}") = "Timebox.Backlog.Infastructure", "src\backend\Modules\Backlog\Timebox.Backlog.Infastructure\Timebox.Backlog.Infastructure.csproj", "{429E9535-FF0B-462C-99E1-BA1BBF6B18C5}"
EndProject
Project("{FAE04EC0-301F-11D3-BF4B-00C04F79EFBC}") = "Timebox.Backlog.Api", "src\backend\Modules\Backlog\Timebox.Backlog.Api\Timebox.Backlog.Api.csproj", "{2ED0C986-EB21-428C-AF80-6018A84BC8A9}"
EndProject
Global
	GlobalSection(SolutionConfigurationPlatforms) = preSolution
		Debug|Any CPU = Debug|Any CPU
		Debug|x64 = Debug|x64
		Debug|x86 = Debug|x86
		Release|Any CPU = Release|Any CPU
		Release|x64 = Release|x64
		Release|x86 = Release|x86
	EndGlobalSection
	GlobalSection(SolutionProperties) = preSolution
		HideSolutionNode = FALSE
	EndGlobalSection
	GlobalSection(ProjectConfigurationPlatforms) = postSolution
		{4D9FF6D8-B31D-4699-AC13-4332EC0B182E}.Debug|Any CPU.ActiveCfg = Debug|Any CPU
		{4D9FF6D8-B31D-4699-AC13-4332EC0B182E}.Debug|Any CPU.Build.0 = Debug|Any CPU
		{4D9FF6D8-B31D-4699-AC13-4332EC0B182E}.Debug|x64.ActiveCfg = Debug|Any CPU
		{4D9FF6D8-B31D-4699-AC13-4332EC0B182E}.Debug|x64.Build.0 = Debug|Any CPU
		{4D9FF6D8-B31D-4699-AC13-4332EC0B182E}.Debug|x86.ActiveCfg = Debug|Any CPU
		{4D9FF6D8-B31D-4699-AC13-4332EC0B182E}.Debug|x86.Build.0 = Debug|Any CPU
		{4D9FF6D8-B31D-4699-AC13-4332EC0B182E}.Release|Any CPU.ActiveCfg = Release|Any CPU
		{4D9FF6D8-B31D-4699-AC13-4332EC0B182E}.Release|Any CPU.Build.0 = Release|Any CPU
		{4D9FF6D8-B31D-4699-AC13-4332EC0B182E}.Release|x64.ActiveCfg = Release|Any CPU
		{4D9FF6D8-B31D-4699-AC13-4332EC0B182E}.Release|x64.Build.0 = Release|Any CPU
		{4D9FF6D8-B31D-4699-AC13-4332EC0B182E}.Release|x86.ActiveCfg = Release|Any CPU
		{4D9FF6D8-B31D-4699-AC13-4332EC0B182E}.Release|x86.Build.0 = Release|Any CPU
		{49C4C15B-E647-4FEF-B489-AF1911BAC8BA}.Debug|Any CPU.ActiveCfg = Debug|Any CPU
		{49C4C15B-E647-4FEF-B489-AF1911BAC8BA}.Debug|Any CPU.Build.0 = Debug|Any CPU
		{49C4C15B-E647-4FEF-B489-AF1911BAC8BA}.Debug|x64.ActiveCfg = Debug|Any CPU
		{49C4C15B-E647-4FEF-B489-AF1911BAC8BA}.Debug|x64.Build.0 = Debug|Any CPU
		{49C4C15B-E647-4FEF-B489-AF1911BAC8BA}.Debug|x86.ActiveCfg = Debug|Any CPU
		{49C4C15B-E647-4FEF-B489-AF1911BAC8BA}.Debug|x86.Build.0 = Debug|Any CPU
		{49C4C15B-E647-4FEF-B489-AF1911BAC8BA}.Release|Any CPU.ActiveCfg = Release|Any CPU
		{49C4C15B-E647-4FEF-B489-AF1911BAC8BA}.Release|Any CPU.Build.0 = Release|Any CPU
		{49C4C15B-E647-4FEF-B489-AF1911BAC8BA}.Release|x64.ActiveCfg = Release|Any CPU
		{49C4C15B-E647-4FEF-B489-AF1911BAC8BA}.Release|x64.Build.0 = Release|Any CPU
		{49C4C15B-E647-4FEF-B489-AF1911BAC8BA}.Release|x86.ActiveCfg = Release|Any CPU
		{49C4C15B-E647-4FEF-B489-AF1911BAC8BA}.Release|x86.Build.0 = Release|Any CPU
		{4E73D908-D39B-4484-929A-0047A994CBC5}.Debug|Any CPU.ActiveCfg = Debug|Any CPU
		{4E73D908-D39B-4484-929A-0047A994CBC5}.Debug|Any CPU.Build.0 = Debug|Any CPU
		{4E73D908-D39B-4484-929A-0047A994CBC5}.Debug|x64.ActiveCfg = Debug|Any CPU
		{4E73D908-D39B-4484-929A-0047A994CBC5}.Debug|x64.Build.0 = Debug|Any CPU
		{4E73D908-D39B-4484-929A-0047A994CBC5}.Debug|x86.ActiveCfg = Debug|Any CPU
		{4E73D908-D39B-4484-929A-0047A994CBC5}.Debug|x86.Build.0 = Debug|Any CPU
		{4E73D908-D39B-4484-929A-0047A994CBC5}.Release|Any CPU.ActiveCfg = Release|Any CPU
		{4E73D908-D39B-4484-929A-0047A994CBC5}.Release|Any CPU.Build.0 = Release|Any CPU
		{4E73D908-D39B-4484-929A-0047A994CBC5}.Release|x64.ActiveCfg = Release|Any CPU
		{4E73D908-D39B-4484-929A-0047A994CBC5}.Release|x64.Build.0 = Release|Any CPU
		{4E73D908-D39B-4484-929A-0047A994CBC5}.Release|x86.ActiveCfg = Release|Any CPU
		{4E73D908-D39B-4484-929A-0047A994CBC5}.Release|x86.Build.0 = Release|Any CPU
		{45142715-474A-4589-ACC5-7CDC6717FBAF}.Debug|Any CPU.ActiveCfg = Debug|Any CPU
		{45142715-474A-4589-ACC5-7CDC6717FBAF}.Debug|Any CPU.Build.0 = Debug|Any CPU
		{45142715-474A-4589-ACC5-7CDC6717FBAF}.Debug|x64.ActiveCfg = Debug|Any CPU
		{45142715-474A-4589-ACC5-7CDC6717FBAF}.Debug|x64.Build.0 = Debug|Any CPU
		{45142715-474A-4589-ACC5-7CDC6717FBAF}.Debug|x86.ActiveCfg = Debug|Any CPU
		{45142715-474A-4589-ACC5-7CDC6717FBAF}.Debug|x86.Build.0 = Debug|Any CPU
		{45142715-474A-4589-ACC5-7CDC6717FBAF}.Release|Any CPU.ActiveCfg = Release|Any CPU
		{45142715-474A-4589-ACC5-7CDC6717FBAF}.Release|Any CPU.Build.0 = Release|Any CPU
		{45142715-474A-4589-ACC5-7CDC6717FBAF}.Release|x64.ActiveCfg = Release|Any CPU
		{45142715-474A-4589-ACC5-7CDC6717FBAF}.Release|x64.Build.0 = Release|Any CPU
		{45142715-474A-4589-ACC5-7CDC6717FBAF}.Release|x86.ActiveCfg = Release|Any CPU
		{45142715-474A-4589-ACC5-7CDC6717FBAF}.Release|x86.Build.0 = Release|Any CPU
		{1FB5120F-209E-4C93-BBAF-82B0A9EC15F2}.Debug|Any CPU.ActiveCfg = Debug|Any CPU
		{1FB5120F-209E-4C93-BBAF-82B0A9EC15F2}.Debug|Any CPU.Build.0 = Debug|Any CPU
		{1FB5120F-209E-4C93-BBAF-82B0A9EC15F2}.Debug|x64.ActiveCfg = Debug|Any CPU
		{1FB5120F-209E-4C93-BBAF-82B0A9EC15F2}.Debug|x64.Build.0 = Debug|Any CPU
		{1FB5120F-209E-4C93-BBAF-82B0A9EC15F2}.Debug|x86.ActiveCfg = Debug|Any CPU
		{1FB5120F-209E-4C93-BBAF-82B0A9EC15F2}.Debug|x86.Build.0 = Debug|Any CPU
		{1FB5120F-209E-4C93-BBAF-82B0A9EC15F2}.Release|Any CPU.ActiveCfg = Release|Any CPU
		{1FB5120F-209E-4C93-BBAF-82B0A9EC15F2}.Release|Any CPU.Build.0 = Release|Any CPU
		{1FB5120F-209E-4C93-BBAF-82B0A9EC15F2}.Release|x64.ActiveCfg = Release|Any CPU
		{1FB5120F-209E-4C93-BBAF-82B0A9EC15F2}.Release|x64.Build.0 = Release|Any CPU
		{1FB5120F-209E-4C93-BBAF-82B0A9EC15F2}.Release|x86.ActiveCfg = Release|Any CPU
		{1FB5120F-209E-4C93-BBAF-82B0A9EC15F2}.Release|x86.Build.0 = Release|Any CPU
		{F8540A31-090E-4CC3-A624-0EDD66BD71EB}.Debug|Any CPU.ActiveCfg = Debug|Any CPU
		{F8540A31-090E-4CC3-A624-0EDD66BD71EB}.Debug|Any CPU.Build.0 = Debug|Any CPU
		{F8540A31-090E-4CC3-A624-0EDD66BD71EB}.Debug|x64.ActiveCfg = Debug|Any CPU
		{F8540A31-090E-4CC3-A624-0EDD66BD71EB}.Debug|x64.Build.0 = Debug|Any CPU
		{F8540A31-090E-4CC3-A624-0EDD66BD71EB}.Debug|x86.ActiveCfg = Debug|Any CPU
		{F8540A31-090E-4CC3-A624-0EDD66BD71EB}.Debug|x86.Build.0 = Debug|Any CPU
		{F8540A31-090E-4CC3-A624-0EDD66BD71EB}.Release|Any CPU.ActiveCfg = Release|Any CPU
		{F8540A31-090E-4CC3-A624-0EDD66BD71EB}.Release|Any CPU.Build.0 = Release|Any CPU
		{F8540A31-090E-4CC3-A624-0EDD66BD71EB}.Release|x64.ActiveCfg = Release|Any CPU
		{F8540A31-090E-4CC3-A624-0EDD66BD71EB}.Release|x64.Build.0 = Release|Any CPU
		{F8540A31-090E-4CC3-A624-0EDD66BD71EB}.Release|x86.ActiveCfg = Release|Any CPU
		{F8540A31-090E-4CC3-A624-0EDD66BD71EB}.Release|x86.Build.0 = Release|Any CPU
		{CAD14783-CCB0-49D2-872E-E422BF4BA3E1}.Debug|Any CPU.ActiveCfg = Debug|Any CPU
		{CAD14783-CCB0-49D2-872E-E422BF4BA3E1}.Debug|Any CPU.Build.0 = Debug|Any CPU
		{CAD14783-CCB0-49D2-872E-E422BF4BA3E1}.Debug|x64.ActiveCfg = Debug|Any CPU
		{CAD14783-CCB0-49D2-872E-E422BF4BA3E1}.Debug|x64.Build.0 = Debug|Any CPU
		{CAD14783-CCB0-49D2-872E-E422BF4BA3E1}.Debug|x86.ActiveCfg = Debug|Any CPU
		{CAD14783-CCB0-49D2-872E-E422BF4BA3E1}.Debug|x86.Build.0 = Debug|Any CPU
		{CAD14783-CCB0-49D2-872E-E422BF4BA3E1}.Release|Any CPU.ActiveCfg = Release|Any CPU
		{CAD14783-CCB0-49D2-872E-E422BF4BA3E1}.Release|Any CPU.Build.0 = Release|Any CPU
		{CAD14783-CCB0-49D2-872E-E422BF4BA3E1}.Release|x64.ActiveCfg = Release|Any CPU
		{CAD14783-CCB0-49D2-872E-E422BF4BA3E1}.Release|x64.Build.0 = Release|Any CPU
		{CAD14783-CCB0-49D2-872E-E422BF4BA3E1}.Release|x86.ActiveCfg = Release|Any CPU
		{CAD14783-CCB0-49D2-872E-E422BF4BA3E1}.Release|x86.Build.0 = Release|Any CPU
		{F60AFE97-28E8-4F71-A3EB-20A1C4150EDA}.Debug|Any CPU.ActiveCfg = Debug|Any CPU
		{F60AFE97-28E8-4F71-A3EB-20A1C4150EDA}.Debug|Any CPU.Build.0 = Debug|Any CPU
		{F60AFE97-28E8-4F71-A3EB-20A1C4150EDA}.Debug|x64.ActiveCfg = Debug|Any CPU
		{F60AFE97-28E8-4F71-A3EB-20A1C4150EDA}.Debug|x64.Build.0 = Debug|Any CPU
		{F60AFE97-28E8-4F71-A3EB-20A1C4150EDA}.Debug|x86.ActiveCfg = Debug|Any CPU
		{F60AFE97-28E8-4F71-A3EB-20A1C4150EDA}.Debug|x86.Build.0 = Debug|Any CPU
		{F60AFE97-28E8-4F71-A3EB-20A1C4150EDA}.Release|Any CPU.ActiveCfg = Release|Any CPU
		{F60AFE97-28E8-4F71-A3EB-20A1C4150EDA}.Release|Any CPU.Build.0 = Release|Any CPU
		{F60AFE97-28E8-4F71-A3EB-20A1C4150EDA}.Release|x64.ActiveCfg = Release|Any CPU
		{F60AFE97-28E8-4F71-A3EB-20A1C4150EDA}.Release|x64.Build.0 = Release|Any CPU
		{F60AFE97-28E8-4F71-A3EB-20A1C4150EDA}.Release|x86.ActiveCfg = Release|Any CPU
		{F60AFE97-28E8-4F71-A3EB-20A1C4150EDA}.Release|x86.Build.0 = Release|Any CPU
		{2B021E61-8F18-44F0-B92E-0C45EECF0926}.Debug|Any CPU.ActiveCfg = Debug|Any CPU
		{2B021E61-8F18-44F0-B92E-0C45EECF0926}.Debug|Any CPU.Build.0 = Debug|Any CPU
		{2B021E61-8F18-44F0-B92E-0C45EECF0926}.Debug|x64.ActiveCfg = Debug|Any CPU
		{2B021E61-8F18-44F0-B92E-0C45EECF0926}.Debug|x64.Build.0 = Debug|Any CPU
		{2B021E61-8F18-44F0-B92E-0C45EECF0926}.Debug|x86.ActiveCfg = Debug|Any CPU
		{2B021E61-8F18-44F0-B92E-0C45EECF0926}.Debug|x86.Build.0 = Debug|Any CPU
		{2B021E61-8F18-44F0-B92E-0C45EECF0926}.Release|Any CPU.ActiveCfg = Release|Any CPU
		{2B021E61-8F18-44F0-B92E-0C45EECF0926}.Release|Any CPU.Build.0 = Release|Any CPU
		{2B021E61-8F18-44F0-B92E-0C45EECF0926}.Release|x64.ActiveCfg = Release|Any CPU
		{2B021E61-8F18-44F0-B92E-0C45EECF0926}.Release|x64.Build.0 = Release|Any CPU
		{2B021E61-8F18-44F0-B92E-0C45EECF0926}.Release|x86.ActiveCfg = Release|Any CPU
		{2B021E61-8F18-44F0-B92E-0C45EECF0926}.Release|x86.Build.0 = Release|Any CPU
		{71522DE3-02D0-47A1-89F7-BC1A3440785A}.Debug|Any CPU.ActiveCfg = Debug|Any CPU
		{71522DE3-02D0-47A1-89F7-BC1A3440785A}.Debug|Any CPU.Build.0 = Debug|Any CPU
		{71522DE3-02D0-47A1-89F7-BC1A3440785A}.Debug|x64.ActiveCfg = Debug|Any CPU
		{71522DE3-02D0-47A1-89F7-BC1A3440785A}.Debug|x64.Build.0 = Debug|Any CPU
		{71522DE3-02D0-47A1-89F7-BC1A3440785A}.Debug|x86.ActiveCfg = Debug|Any CPU
		{71522DE3-02D0-47A1-89F7-BC1A3440785A}.Debug|x86.Build.0 = Debug|Any CPU
		{71522DE3-02D0-47A1-89F7-BC1A3440785A}.Release|Any CPU.ActiveCfg = Release|Any CPU
		{71522DE3-02D0-47A1-89F7-BC1A3440785A}.Release|Any CPU.Build.0 = Release|Any CPU
		{71522DE3-02D0-47A1-89F7-BC1A3440785A}.Release|x64.ActiveCfg = Release|Any CPU
		{71522DE3-02D0-47A1-89F7-BC1A3440785A}.Release|x64.Build.0 = Release|Any CPU
		{71522DE3-02D0-47A1-89F7-BC1A3440785A}.Release|x86.ActiveCfg = Release|Any CPU
		{71522DE3-02D0-47A1-89F7-BC1A3440785A}.Release|x86.Build.0 = Release|Any CPU
		{04D54682-11B9-4601-8347-1FE00CD23CC9}.Debug|Any CPU.ActiveCfg = Debug|Any CPU
		{04D54682-11B9-4601-8347-1FE00CD23CC9}.Debug|Any CPU.Build.0 = Debug|Any CPU
		{04D54682-11B9-4601-8347-1FE00CD23CC9}.Debug|x64.ActiveCfg = Debug|Any CPU
		{04D54682-11B9-4601-8347-1FE00CD23CC9}.Debug|x64.Build.0 = Debug|Any CPU
		{04D54682-11B9-4601-8347-1FE00CD23CC9}.Debug|x86.ActiveCfg = Debug|Any CPU
		{04D54682-11B9-4601-8347-1FE00CD23CC9}.Debug|x86.Build.0 = Debug|Any CPU
		{04D54682-11B9-4601-8347-1FE00CD23CC9}.Release|Any CPU.ActiveCfg = Release|Any CPU
		{04D54682-11B9-4601-8347-1FE00CD23CC9}.Release|Any CPU.Build.0 = Release|Any CPU
		{04D54682-11B9-4601-8347-1FE00CD23CC9}.Release|x64.ActiveCfg = Release|Any CPU
		{04D54682-11B9-4601-8347-1FE00CD23CC9}.Release|x64.Build.0 = Release|Any CPU
		{04D54682-11B9-4601-8347-1FE00CD23CC9}.Release|x86.ActiveCfg = Release|Any CPU
		{04D54682-11B9-4601-8347-1FE00CD23CC9}.Release|x86.Build.0 = Release|Any CPU
		{D2A02EC9-6514-4516-8220-800F7AC3A58D}.Debug|Any CPU.ActiveCfg = Debug|Any CPU
		{D2A02EC9-6514-4516-8220-800F7AC3A58D}.Debug|Any CPU.Build.0 = Debug|Any CPU
		{D2A02EC9-6514-4516-8220-800F7AC3A58D}.Debug|x64.ActiveCfg = Debug|Any CPU
		{D2A02EC9-6514-4516-8220-800F7AC3A58D}.Debug|x64.Build.0 = Debug|Any CPU
		{D2A02EC9-6514-4516-8220-800F7AC3A58D}.Debug|x86.ActiveCfg = Debug|Any CPU
		{D2A02EC9-6514-4516-8220-800F7AC3A58D}.Debug|x86.Build.0 = Debug|Any CPU
		{D2A02EC9-6514-4516-8220-800F7AC3A58D}.Release|Any CPU.ActiveCfg = Release|Any CPU
		{D2A02EC9-6514-4516-8220-800F7AC3A58D}.Release|Any CPU.Build.0 = Release|Any CPU
		{D2A02EC9-6514-4516-8220-800F7AC3A58D}.Release|x64.ActiveCfg = Release|Any CPU
		{D2A02EC9-6514-4516-8220-800F7AC3A58D}.Release|x64.Build.0 = Release|Any CPU
		{D2A02EC9-6514-4516-8220-800F7AC3A58D}.Release|x86.ActiveCfg = Release|Any CPU
		{D2A02EC9-6514-4516-8220-800F7AC3A58D}.Release|x86.Build.0 = Release|Any CPU
		{3176EEA5-2B41-4A38-839B-ED57B2A11261}.Debug|Any CPU.ActiveCfg = Debug|Any CPU
		{3176EEA5-2B41-4A38-839B-ED57B2A11261}.Debug|Any CPU.Build.0 = Debug|Any CPU
		{3176EEA5-2B41-4A38-839B-ED57B2A11261}.Debug|x64.ActiveCfg = Debug|Any CPU
		{3176EEA5-2B41-4A38-839B-ED57B2A11261}.Debug|x64.Build.0 = Debug|Any CPU
		{3176EEA5-2B41-4A38-839B-ED57B2A11261}.Debug|x86.ActiveCfg = Debug|Any CPU
		{3176EEA5-2B41-4A38-839B-ED57B2A11261}.Debug|x86.Build.0 = Debug|Any CPU
		{3176EEA5-2B41-4A38-839B-ED57B2A11261}.Release|Any CPU.ActiveCfg = Release|Any CPU
		{3176EEA5-2B41-4A38-839B-ED57B2A11261}.Release|Any CPU.Build.0 = Release|Any CPU
		{3176EEA5-2B41-4A38-839B-ED57B2A11261}.Release|x64.ActiveCfg = Release|Any CPU
		{3176EEA5-2B41-4A38-839B-ED57B2A11261}.Release|x64.Build.0 = Release|Any CPU
		{3176EEA5-2B41-4A38-839B-ED57B2A11261}.Release|x86.ActiveCfg = Release|Any CPU
		{3176EEA5-2B41-4A38-839B-ED57B2A11261}.Release|x86.Build.0 = Release|Any CPU
		{B2B3BA57-4C62-4818-9798-11C839CA65FC}.Debug|Any CPU.ActiveCfg = Debug|Any CPU
		{B2B3BA57-4C62-4818-9798-11C839CA65FC}.Debug|Any CPU.Build.0 = Debug|Any CPU
		{B2B3BA57-4C62-4818-9798-11C839CA65FC}.Debug|x64.ActiveCfg = Debug|Any CPU
		{B2B3BA57-4C62-4818-9798-11C839CA65FC}.Debug|x64.Build.0 = Debug|Any CPU
		{B2B3BA57-4C62-4818-9798-11C839CA65FC}.Debug|x86.ActiveCfg = Debug|Any CPU
		{B2B3BA57-4C62-4818-9798-11C839CA65FC}.Debug|x86.Build.0 = Debug|Any CPU
		{B2B3BA57-4C62-4818-9798-11C839CA65FC}.Release|Any CPU.ActiveCfg = Release|Any CPU
		{B2B3BA57-4C62-4818-9798-11C839CA65FC}.Release|Any CPU.Build.0 = Release|Any CPU
		{B2B3BA57-4C62-4818-9798-11C839CA65FC}.Release|x64.ActiveCfg = Release|Any CPU
		{B2B3BA57-4C62-4818-9798-11C839CA65FC}.Release|x64.Build.0 = Release|Any CPU
		{B2B3BA57-4C62-4818-9798-11C839CA65FC}.Release|x86.ActiveCfg = Release|Any CPU
		{B2B3BA57-4C62-4818-9798-11C839CA65FC}.Release|x86.Build.0 = Release|Any CPU
		{429E9535-FF0B-462C-99E1-BA1BBF6B18C5}.Debug|Any CPU.ActiveCfg = Debug|Any CPU
		{429E9535-FF0B-462C-99E1-BA1BBF6B18C5}.Debug|Any CPU.Build.0 = Debug|Any CPU
		{429E9535-FF0B-462C-99E1-BA1BBF6B18C5}.Debug|x64.ActiveCfg = Debug|Any CPU
		{429E9535-FF0B-462C-99E1-BA1BBF6B18C5}.Debug|x64.Build.0 = Debug|Any CPU
		{429E9535-FF0B-462C-99E1-BA1BBF6B18C5}.Debug|x86.ActiveCfg = Debug|Any CPU
		{429E9535-FF0B-462C-99E1-BA1BBF6B18C5}.Debug|x86.Build.0 = Debug|Any CPU
		{429E9535-FF0B-462C-99E1-BA1BBF6B18C5}.Release|Any CPU.ActiveCfg = Release|Any CPU
		{429E9535-FF0B-462C-99E1-BA1BBF6B18C5}.Release|Any CPU.Build.0 = Release|Any CPU
		{429E9535-FF0B-462C-99E1-BA1BBF6B18C5}.Release|x64.ActiveCfg = Release|Any CPU
		{429E9535-FF0B-462C-99E1-BA1BBF6B18C5}.Release|x64.Build.0 = Release|Any CPU
		{429E9535-FF0B-462C-99E1-BA1BBF6B18C5}.Release|x86.ActiveCfg = Release|Any CPU
		{429E9535-FF0B-462C-99E1-BA1BBF6B18C5}.Release|x86.Build.0 = Release|Any CPU
		{2ED0C986-EB21-428C-AF80-6018A84BC8A9}.Debug|Any CPU.ActiveCfg = Debug|Any CPU
		{2ED0C986-EB21-428C-AF80-6018A84BC8A9}.Debug|Any CPU.Build.0 = Debug|Any CPU
		{2ED0C986-EB21-428C-AF80-6018A84BC8A9}.Debug|x64.ActiveCfg = Debug|Any CPU
		{2ED0C986-EB21-428C-AF80-6018A84BC8A9}.Debug|x64.Build.0 = Debug|Any CPU
		{2ED0C986-EB21-428C-AF80-6018A84BC8A9}.Debug|x86.ActiveCfg = Debug|Any CPU
		{2ED0C986-EB21-428C-AF80-6018A84BC8A9}.Debug|x86.Build.0 = Debug|Any CPU
		{2ED0C986-EB21-428C-AF80-6018A84BC8A9}.Release|Any CPU.ActiveCfg = Release|Any CPU
		{2ED0C986-EB21-428C-AF80-6018A84BC8A9}.Release|Any CPU.Build.0 = Release|Any CPU
		{2ED0C986-EB21-428C-AF80-6018A84BC8A9}.Release|x64.ActiveCfg = Release|Any CPU
		{2ED0C986-EB21-428C-AF80-6018A84BC8A9}.Release|x64.Build.0 = Release|Any CPU
		{2ED0C986-EB21-428C-AF80-6018A84BC8A9}.Release|x86.ActiveCfg = Release|Any CPU
		{2ED0C986-EB21-428C-AF80-6018A84BC8A9}.Release|x86.Build.0 = Release|Any CPU
	EndGlobalSection
	GlobalSection(NestedProjects) = preSolution
		{4776AAAF-60EE-436A-AB8A-655D89D9426E} = {2FB2D152-C114-4108-86F0-ADDE414A8A41}
		{9953A66D-DC43-4813-B173-25EC7E9B3F1D} = {2FB2D152-C114-4108-86F0-ADDE414A8A41}
		{49C4C15B-E647-4FEF-B489-AF1911BAC8BA} = {4776AAAF-60EE-436A-AB8A-655D89D9426E}
		{4D9FF6D8-B31D-4699-AC13-4332EC0B182E} = {9953A66D-DC43-4813-B173-25EC7E9B3F1D}
		{557D8C81-1CC0-44E1-94A5-D2AE1FC8BA80} = {4776AAAF-60EE-436A-AB8A-655D89D9426E}
		{AFE740F1-AB0B-4EB5-A406-935F6D59B5B7} = {4776AAAF-60EE-436A-AB8A-655D89D9426E}
		{8F1FE045-9F65-4F6B-B9F9-7CE58F689729} = {AFE740F1-AB0B-4EB5-A406-935F6D59B5B7}
		{4E73D908-D39B-4484-929A-0047A994CBC5} = {8F1FE045-9F65-4F6B-B9F9-7CE58F689729}
		{45142715-474A-4589-ACC5-7CDC6717FBAF} = {557D8C81-1CC0-44E1-94A5-D2AE1FC8BA80}
		{0FB5850C-5060-490E-B500-3C83F2BFAE44} = {646BC5C3-B97F-4390-A314-AB52B674E23D}
		{B502736E-2996-4241-A451-795BE4926A60} = {0FB5850C-5060-490E-B500-3C83F2BFAE44}
		{1FB5120F-209E-4C93-BBAF-82B0A9EC15F2} = {B502736E-2996-4241-A451-795BE4926A60}
		{F8540A31-090E-4CC3-A624-0EDD66BD71EB} = {557D8C81-1CC0-44E1-94A5-D2AE1FC8BA80}
		{CAD14783-CCB0-49D2-872E-E422BF4BA3E1} = {557D8C81-1CC0-44E1-94A5-D2AE1FC8BA80}
		{F60AFE97-28E8-4F71-A3EB-20A1C4150EDA} = {B502736E-2996-4241-A451-795BE4926A60}
		{2B021E61-8F18-44F0-B92E-0C45EECF0926} = {B502736E-2996-4241-A451-795BE4926A60}
		{71522DE3-02D0-47A1-89F7-BC1A3440785A} = {557D8C81-1CC0-44E1-94A5-D2AE1FC8BA80}
		{1D28775A-E5B8-48F0-9F28-7982A5687ADD} = {AFE740F1-AB0B-4EB5-A406-935F6D59B5B7}
		{04D54682-11B9-4601-8347-1FE00CD23CC9} = {1D28775A-E5B8-48F0-9F28-7982A5687ADD}
		{300A17E7-B48C-455E-AB00-FA0BD5760069} = {AFE740F1-AB0B-4EB5-A406-935F6D59B5B7}
		{D2A02EC9-6514-4516-8220-800F7AC3A58D} = {300A17E7-B48C-455E-AB00-FA0BD5760069}
		{3176EEA5-2B41-4A38-839B-ED57B2A11261} = {300A17E7-B48C-455E-AB00-FA0BD5760069}
		{B2B3BA57-4C62-4818-9798-11C839CA65FC} = {300A17E7-B48C-455E-AB00-FA0BD5760069}
		{429E9535-FF0B-462C-99E1-BA1BBF6B18C5} = {300A17E7-B48C-455E-AB00-FA0BD5760069}
		{2ED0C986-EB21-428C-AF80-6018A84BC8A9} = {300A17E7-B48C-455E-AB00-FA0BD5760069}
	EndGlobalSection
EndGlobal
