
Microsoft Visual Studio Solution File, Format Version 12.00
# Visual Studio 15
VisualStudioVersion = 15.0.26124.0
MinimumVisualStudioVersion = 15.0.26124.0
Project("{2150E333-8FDC-42A3-9474-1A3956D46DE8}") = "src", "src", "{2FB2D152-C114-4108-86F0-ADDE414A8A41}"
EndProject
Project("{FAE04EC0-301F-11D3-BF4B-00C04F79EFBC}") = "Timebox.Gui", "src\frontend\Timebox.Gui\Timebox.Gui.csproj", "{4D9FF6D8-B31D-4699-AC13-4332EC0B182E}"
EndProject
Project("{FAE04EC0-301F-11D3-BF4B-00C04F79EFBC}") = "Timebox.Api", "src\backend\Timebox.Api\Timebox.Api.csproj", "{49C4C15B-E647-4FEF-B489-AF1911BAC8BA}"
EndProject
Project("{2150E333-8FDC-42A3-9474-1A3956D46DE8}") = "backend", "backend", "{4776AAAF-60EE-436A-AB8A-655D89D9426E}"
EndProject
Project("{2150E333-8FDC-42A3-9474-1A3956D46DE8}") = "frontend", "frontend", "{9953A66D-DC43-4813-B173-25EC7E9B3F1D}"
EndProject
Project("{2150E333-8FDC-42A3-9474-1A3956D46DE8}") = "Shared", "Shared", "{557D8C81-1CC0-44E1-94A5-D2AE1FC8BA80}"
EndProject
Project("{2150E333-8FDC-42A3-9474-1A3956D46DE8}") = "Modules", "Modules", "{AFE740F1-AB0B-4EB5-A406-935F6D59B5B7}"
EndProject
Project("{2150E333-8FDC-42A3-9474-1A3956D46DE8}") = "Account", "Account", "{8F1FE045-9F65-4F6B-B9F9-7CE58F689729}"
EndProject
Project("{FAE04EC0-301F-11D3-BF4B-00C04F79EFBC}") = "Timebox.Account.Api", "src\backend\Modules\Account\Timebox.Account.Api\Timebox.Account.Api.csproj", "{4E73D908-D39B-4484-929A-0047A994CBC5}"
EndProject
Project("{FAE04EC0-301F-11D3-BF4B-00C04F79EFBC}") = "Timebox.Shared", "src\backend\Shared\Timebox.Shared\Timebox.Shared.csproj", "{45142715-474A-4589-ACC5-7CDC6717FBAF}"
EndProject
Project("{2150E333-8FDC-42A3-9474-1A3956D46DE8}") = "tests", "tests", "{646BC5C3-B97F-4390-A314-AB52B674E23D}"
EndProject
Project("{2150E333-8FDC-42A3-9474-1A3956D46DE8}") = "backend", "backend", "{0FB5850C-5060-490E-B500-3C83F2BFAE44}"
EndProject
Project("{2150E333-8FDC-42A3-9474-1A3956D46DE8}") = "Shared", "Shared", "{B502736E-2996-4241-A451-795BE4926A60}"
EndProject
Project("{FAE04EC0-301F-11D3-BF4B-00C04F79EFBC}") = "Timebox.Shared.Tests", "tests\backend\Shared\Timebox.Shared.Tests\Timebox.Shared.Tests.csproj", "{1FB5120F-209E-4C93-BBAF-82B0A9EC15F2}"
EndProject
Global
	GlobalSection(SolutionConfigurationPlatforms) = preSolution
		Debug|Any CPU = Debug|Any CPU
		Debug|x64 = Debug|x64
		Debug|x86 = Debug|x86
		Release|Any CPU = Release|Any CPU
		Release|x64 = Release|x64
		Release|x86 = Release|x86
	EndGlobalSection
	GlobalSection(SolutionProperties) = preSolution
		HideSolutionNode = FALSE
	EndGlobalSection
	GlobalSection(ProjectConfigurationPlatforms) = postSolution
		{4D9FF6D8-B31D-4699-AC13-4332EC0B182E}.Debug|Any CPU.ActiveCfg = Debug|Any CPU
		{4D9FF6D8-B31D-4699-AC13-4332EC0B182E}.Debug|Any CPU.Build.0 = Debug|Any CPU
		{4D9FF6D8-B31D-4699-AC13-4332EC0B182E}.Debug|x64.ActiveCfg = Debug|Any CPU
		{4D9FF6D8-B31D-4699-AC13-4332EC0B182E}.Debug|x64.Build.0 = Debug|Any CPU
		{4D9FF6D8-B31D-4699-AC13-4332EC0B182E}.Debug|x86.ActiveCfg = Debug|Any CPU
		{4D9FF6D8-B31D-4699-AC13-4332EC0B182E}.Debug|x86.Build.0 = Debug|Any CPU
		{4D9FF6D8-B31D-4699-AC13-4332EC0B182E}.Release|Any CPU.ActiveCfg = Release|Any CPU
		{4D9FF6D8-B31D-4699-AC13-4332EC0B182E}.Release|Any CPU.Build.0 = Release|Any CPU
		{4D9FF6D8-B31D-4699-AC13-4332EC0B182E}.Release|x64.ActiveCfg = Release|Any CPU
		{4D9FF6D8-B31D-4699-AC13-4332EC0B182E}.Release|x64.Build.0 = Release|Any CPU
		{4D9FF6D8-B31D-4699-AC13-4332EC0B182E}.Release|x86.ActiveCfg = Release|Any CPU
		{4D9FF6D8-B31D-4699-AC13-4332EC0B182E}.Release|x86.Build.0 = Release|Any CPU
		{49C4C15B-E647-4FEF-B489-AF1911BAC8BA}.Debug|Any CPU.ActiveCfg = Debug|Any CPU
		{49C4C15B-E647-4FEF-B489-AF1911BAC8BA}.Debug|Any CPU.Build.0 = Debug|Any CPU
		{49C4C15B-E647-4FEF-B489-AF1911BAC8BA}.Debug|x64.ActiveCfg = Debug|Any CPU
		{49C4C15B-E647-4FEF-B489-AF1911BAC8BA}.Debug|x64.Build.0 = Debug|Any CPU
		{49C4C15B-E647-4FEF-B489-AF1911BAC8BA}.Debug|x86.ActiveCfg = Debug|Any CPU
		{49C4C15B-E647-4FEF-B489-AF1911BAC8BA}.Debug|x86.Build.0 = Debug|Any CPU
		{49C4C15B-E647-4FEF-B489-AF1911BAC8BA}.Release|Any CPU.ActiveCfg = Release|Any CPU
		{49C4C15B-E647-4FEF-B489-AF1911BAC8BA}.Release|Any CPU.Build.0 = Release|Any CPU
		{49C4C15B-E647-4FEF-B489-AF1911BAC8BA}.Release|x64.ActiveCfg = Release|Any CPU
		{49C4C15B-E647-4FEF-B489-AF1911BAC8BA}.Release|x64.Build.0 = Release|Any CPU
		{49C4C15B-E647-4FEF-B489-AF1911BAC8BA}.Release|x86.ActiveCfg = Release|Any CPU
		{49C4C15B-E647-4FEF-B489-AF1911BAC8BA}.Release|x86.Build.0 = Release|Any CPU
		{4E73D908-D39B-4484-929A-0047A994CBC5}.Debug|Any CPU.ActiveCfg = Debug|Any CPU
		{4E73D908-D39B-4484-929A-0047A994CBC5}.Debug|Any CPU.Build.0 = Debug|Any CPU
		{4E73D908-D39B-4484-929A-0047A994CBC5}.Debug|x64.ActiveCfg = Debug|Any CPU
		{4E73D908-D39B-4484-929A-0047A994CBC5}.Debug|x64.Build.0 = Debug|Any CPU
		{4E73D908-D39B-4484-929A-0047A994CBC5}.Debug|x86.ActiveCfg = Debug|Any CPU
		{4E73D908-D39B-4484-929A-0047A994CBC5}.Debug|x86.Build.0 = Debug|Any CPU
		{4E73D908-D39B-4484-929A-0047A994CBC5}.Release|Any CPU.ActiveCfg = Release|Any CPU
		{4E73D908-D39B-4484-929A-0047A994CBC5}.Release|Any CPU.Build.0 = Release|Any CPU
		{4E73D908-D39B-4484-929A-0047A994CBC5}.Release|x64.ActiveCfg = Release|Any CPU
		{4E73D908-D39B-4484-929A-0047A994CBC5}.Release|x64.Build.0 = Release|Any CPU
		{4E73D908-D39B-4484-929A-0047A994CBC5}.Release|x86.ActiveCfg = Release|Any CPU
		{4E73D908-D39B-4484-929A-0047A994CBC5}.Release|x86.Build.0 = Release|Any CPU
		{45142715-474A-4589-ACC5-7CDC6717FBAF}.Debug|Any CPU.ActiveCfg = Debug|Any CPU
		{45142715-474A-4589-ACC5-7CDC6717FBAF}.Debug|Any CPU.Build.0 = Debug|Any CPU
		{45142715-474A-4589-ACC5-7CDC6717FBAF}.Debug|x64.ActiveCfg = Debug|Any CPU
		{45142715-474A-4589-ACC5-7CDC6717FBAF}.Debug|x64.Build.0 = Debug|Any CPU
		{45142715-474A-4589-ACC5-7CDC6717FBAF}.Debug|x86.ActiveCfg = Debug|Any CPU
		{45142715-474A-4589-ACC5-7CDC6717FBAF}.Debug|x86.Build.0 = Debug|Any CPU
		{45142715-474A-4589-ACC5-7CDC6717FBAF}.Release|Any CPU.ActiveCfg = Release|Any CPU
		{45142715-474A-4589-ACC5-7CDC6717FBAF}.Release|Any CPU.Build.0 = Release|Any CPU
		{45142715-474A-4589-ACC5-7CDC6717FBAF}.Release|x64.ActiveCfg = Release|Any CPU
		{45142715-474A-4589-ACC5-7CDC6717FBAF}.Release|x64.Build.0 = Release|Any CPU
		{45142715-474A-4589-ACC5-7CDC6717FBAF}.Release|x86.ActiveCfg = Release|Any CPU
		{45142715-474A-4589-ACC5-7CDC6717FBAF}.Release|x86.Build.0 = Release|Any CPU
		{1FB5120F-209E-4C93-BBAF-82B0A9EC15F2}.Debug|Any CPU.ActiveCfg = Debug|Any CPU
		{1FB5120F-209E-4C93-BBAF-82B0A9EC15F2}.Debug|Any CPU.Build.0 = Debug|Any CPU
		{1FB5120F-209E-4C93-BBAF-82B0A9EC15F2}.Debug|x64.ActiveCfg = Debug|Any CPU
		{1FB5120F-209E-4C93-BBAF-82B0A9EC15F2}.Debug|x64.Build.0 = Debug|Any CPU
		{1FB5120F-209E-4C93-BBAF-82B0A9EC15F2}.Debug|x86.ActiveCfg = Debug|Any CPU
		{1FB5120F-209E-4C93-BBAF-82B0A9EC15F2}.Debug|x86.Build.0 = Debug|Any CPU
		{1FB5120F-209E-4C93-BBAF-82B0A9EC15F2}.Release|Any CPU.ActiveCfg = Release|Any CPU
		{1FB5120F-209E-4C93-BBAF-82B0A9EC15F2}.Release|Any CPU.Build.0 = Release|Any CPU
		{1FB5120F-209E-4C93-BBAF-82B0A9EC15F2}.Release|x64.ActiveCfg = Release|Any CPU
		{1FB5120F-209E-4C93-BBAF-82B0A9EC15F2}.Release|x64.Build.0 = Release|Any CPU
		{1FB5120F-209E-4C93-BBAF-82B0A9EC15F2}.Release|x86.ActiveCfg = Release|Any CPU
		{1FB5120F-209E-4C93-BBAF-82B0A9EC15F2}.Release|x86.Build.0 = Release|Any CPU
	EndGlobalSection
	GlobalSection(NestedProjects) = preSolution
		{4776AAAF-60EE-436A-AB8A-655D89D9426E} = {2FB2D152-C114-4108-86F0-ADDE414A8A41}
		{9953A66D-DC43-4813-B173-25EC7E9B3F1D} = {2FB2D152-C114-4108-86F0-ADDE414A8A41}
		{49C4C15B-E647-4FEF-B489-AF1911BAC8BA} = {4776AAAF-60EE-436A-AB8A-655D89D9426E}
		{4D9FF6D8-B31D-4699-AC13-4332EC0B182E} = {9953A66D-DC43-4813-B173-25EC7E9B3F1D}
		{557D8C81-1CC0-44E1-94A5-D2AE1FC8BA80} = {4776AAAF-60EE-436A-AB8A-655D89D9426E}
		{AFE740F1-AB0B-4EB5-A406-935F6D59B5B7} = {4776AAAF-60EE-436A-AB8A-655D89D9426E}
		{8F1FE045-9F65-4F6B-B9F9-7CE58F689729} = {AFE740F1-AB0B-4EB5-A406-935F6D59B5B7}
		{4E73D908-D39B-4484-929A-0047A994CBC5} = {8F1FE045-9F65-4F6B-B9F9-7CE58F689729}
		{45142715-474A-4589-ACC5-7CDC6717FBAF} = {557D8C81-1CC0-44E1-94A5-D2AE1FC8BA80}
		{0FB5850C-5060-490E-B500-3C83F2BFAE44} = {646BC5C3-B97F-4390-A314-AB52B674E23D}
		{B502736E-2996-4241-A451-795BE4926A60} = {0FB5850C-5060-490E-B500-3C83F2BFAE44}
		{1FB5120F-209E-4C93-BBAF-82B0A9EC15F2} = {B502736E-2996-4241-A451-795BE4926A60}
	EndGlobalSection
EndGlobal
